
Microsoft Visual Studio Solution File, Format Version 12.00
# Visual Studio 14
VisualStudioVersion = 14.0.25420.1
MinimumVisualStudioVersion = 10.0.40219.1
Project("{FAE04EC0-301F-11D3-BF4B-00C04F79EFBC}") = "ClickOnce", "ClickOnce\ClickOnce.csproj", "{91B2A36C-F5CA-4B99-8F83-C15512133DAF}"
EndProject
Project("{54435603-DBB4-11D2-8724-00A0C9A8B90C}") = "ClickOnceSetup", "ClickOnceSetup\ClickOnceSetup.vdproj", "{8F4A3696-52F4-4F9C-B38E-B7407308799D}"
EndProject
Global
	GlobalSection(SolutionConfigurationPlatforms) = preSolution
		Debug|Any CPU = Debug|Any CPU
		Release|Any CPU = Release|Any CPU
	EndGlobalSection
	GlobalSection(ProjectConfigurationPlatforms) = postSolution
		{91B2A36C-F5CA-4B99-8F83-C15512133DAF}.Debug|Any CPU.ActiveCfg = Debug|Any CPU
		{91B2A36C-F5CA-4B99-8F83-C15512133DAF}.Debug|Any CPU.Build.0 = Debug|Any CPU
		{91B2A36C-F5CA-4B99-8F83-C15512133DAF}.Release|Any CPU.ActiveCfg = Release|Any CPU
		{91B2A36C-F5CA-4B99-8F83-C15512133DAF}.Release|Any CPU.Build.0 = Release|Any CPU
		{8F4A3696-52F4-4F9C-B38E-B7407308799D}.Debug|Any CPU.ActiveCfg = Debug
		{8F4A3696-52F4-4F9C-B38E-B7407308799D}.Release|Any CPU.ActiveCfg = Release
	EndGlobalSection
	GlobalSection(SolutionProperties) = preSolution
		HideSolutionNode = FALSE
	EndGlobalSection
EndGlobal
